
Microsoft Visual Studio Solution File, Format Version 12.00
# Visual Studio Version 17
VisualStudioVersion = 17.7.34031.279
MinimumVisualStudioVersion = 10.0.40219.1
Project("{FAE04EC0-301F-11D3-BF4B-00C04F79EFBC}") = "Proyecto_Arquitecura2", "Proyecto_Arquitecura2\Proyecto_Arquitecura2.csproj", "{0CC8B03B-2FE4-4708-9C95-3A5DB6206C63}"
EndProject
Global
	GlobalSection(SolutionConfigurationPlatforms) = preSolution
		Debug|Any CPU = Debug|Any CPU
		Release|Any CPU = Release|Any CPU
	EndGlobalSection
	GlobalSection(ProjectConfigurationPlatforms) = postSolution
		{0CC8B03B-2FE4-4708-9C95-3A5DB6206C63}.Debug|Any CPU.ActiveCfg = Debug|Any CPU
		{0CC8B03B-2FE4-4708-9C95-3A5DB6206C63}.Debug|Any CPU.Build.0 = Debug|Any CPU
		{0CC8B03B-2FE4-4708-9C95-3A5DB6206C63}.Release|Any CPU.ActiveCfg = Release|Any CPU
		{0CC8B03B-2FE4-4708-9C95-3A5DB6206C63}.Release|Any CPU.Build.0 = Release|Any CPU
	EndGlobalSection
	GlobalSection(SolutionProperties) = preSolution
		HideSolutionNode = FALSE
	EndGlobalSection
	GlobalSection(ExtensibilityGlobals) = postSolution
		SolutionGuid = {44E2DA6E-B88D-4C40-9C7D-50C237EBDB8F}
	EndGlobalSection
EndGlobal
